
Microsoft Visual Studio Solution File, Format Version 12.00
# Visual Studio 14
VisualStudioVersion = 14.0.25420.1
MinimumVisualStudioVersion = 10.0.40219.1
Project("{2150E333-8FDC-42A3-9474-1A3956D46DE8}") = "src", "src", "{456DF290-AD90-4906-9D2D-DE5FA3ECE6C4}"
EndProject
Project("{2150E333-8FDC-42A3-9474-1A3956D46DE8}") = "Solution Items", "Solution Items", "{548C2D41-326C-4145-A5EE-8B4AB1A4D12B}"
	ProjectSection(SolutionItems) = preProject
		global.json = global.json
	EndProjectSection
EndProject
Project("{8BB2217D-0F2D-49D1-97BC-3654ED321F3B}") = "SinglePageApplication.AspNet", "src\SinglePageApplication.AspNet\SinglePageApplication.AspNet.xproj", "{19A562BF-02B7-4152-B1D9-F5E19BFAC3A4}"
EndProject
Global
	GlobalSection(SolutionConfigurationPlatforms) = preSolution
		Debug|Any CPU = Debug|Any CPU
		Release|Any CPU = Release|Any CPU
	EndGlobalSection
	GlobalSection(ProjectConfigurationPlatforms) = postSolution
		{19A562BF-02B7-4152-B1D9-F5E19BFAC3A4}.Debug|Any CPU.ActiveCfg = Debug|Any CPU
		{19A562BF-02B7-4152-B1D9-F5E19BFAC3A4}.Debug|Any CPU.Build.0 = Debug|Any CPU
		{19A562BF-02B7-4152-B1D9-F5E19BFAC3A4}.Release|Any CPU.ActiveCfg = Release|Any CPU
		{19A562BF-02B7-4152-B1D9-F5E19BFAC3A4}.Release|Any CPU.Build.0 = Release|Any CPU
	EndGlobalSection
	GlobalSection(SolutionProperties) = preSolution
		HideSolutionNode = FALSE
	EndGlobalSection
	GlobalSection(NestedProjects) = preSolution
		{19A562BF-02B7-4152-B1D9-F5E19BFAC3A4} = {456DF290-AD90-4906-9D2D-DE5FA3ECE6C4}
	EndGlobalSection
EndGlobal
